// !$*UTF8*$!
{
	archiveVersion = 1;
	classes = {
	};
	objectVersion = 46;
	objects = {

/* Begin PBXBuildFile section */
		C05A257A927B379336337D1E /* Info.plist in Resources */ = {isa = PBXBuildFile; fileRef = C05A225F702E2ED2200E2B16 /* Info.plist */; };
		C05A294626B035AFCFE3B325 /* Trie.m in Sources */ = {isa = PBXBuildFile; fileRef = C05A218FCC0B6C7AEDBA8A2E /* Trie.m */; };
		C05A29C5F5D7543FF1190E20 /* Snippet.m in Sources */ = {isa = PBXBuildFile; fileRef = C05A2447D59DC15CC05CDF72 /* Snippet.m */; };
		C05A2F5F70CBE1C732CC0486 /* SBTTextInflaterPlugin.m in Sources */ = {isa = PBXBuildFile; fileRef = C05A2978BC84255CF7E366CF /* SBTTextInflaterPlugin.m */; };
/* End PBXBuildFile section */

/* Begin PBXFileReference section */
		C05A2129C161E5E7BB211839 /* SBTTextInflaterPlugin.h */ = {isa = PBXFileReference; fileEncoding = 4; lastKnownFileType = sourcecode.c.h; path = SBTTextInflaterPlugin.h; sourceTree = "<group>"; };
		C05A218FCC0B6C7AEDBA8A2E /* Trie.m */ = {isa = PBXFileReference; fileEncoding = 4; lastKnownFileType = sourcecode.c.objc; path = Trie.m; sourceTree = "<group>"; };
		C05A225F702E2ED2200E2B16 /* Info.plist */ = {isa = PBXFileReference; lastKnownFileType = text.plist.info; path = Info.plist; sourceTree = "<group>"; };
		C05A2447D59DC15CC05CDF72 /* Snippet.m */ = {isa = PBXFileReference; fileEncoding = 4; lastKnownFileType = sourcecode.c.objc; path = Snippet.m; sourceTree = "<group>"; };
		C05A287E7BA997EA749D1F89 /* Snippet.h */ = {isa = PBXFileReference; fileEncoding = 4; lastKnownFileType = sourcecode.c.h; path = Snippet.h; sourceTree = "<group>"; };
		C05A2978BC84255CF7E366CF /* SBTTextInflaterPlugin.m */ = {isa = PBXFileReference; fileEncoding = 4; lastKnownFileType = sourcecode.c.objc; path = SBTTextInflaterPlugin.m; sourceTree = "<group>"; };
		C05A2B145A566511CA4A1318 /* Trie.h */ = {isa = PBXFileReference; fileEncoding = 4; lastKnownFileType = sourcecode.c.h; path = Trie.h; sourceTree = "<group>"; };
		C05A2E7BA539CF21307D7017 /* SBTTextInflater.___VARIABLE_bundleExtension___ */ = {isa = PBXFileReference; explicitFileType = wrapper.cfbundle; includeInIndex = 0; path = "SBTTextInflater.___VARIABLE_bundleExtension___"; sourceTree = BUILT_PRODUCTS_DIR; };
		C05A2E9E62051A4FFD877C6B /* SBTPluginInterface.h */ = {isa = PBXFileReference; fileEncoding = 4; lastKnownFileType = sourcecode.c.h; path = SBTPluginInterface.h; sourceTree = "<group>"; };
/* End PBXFileReference section */

/* Begin PBXFrameworksBuildPhase section */
		C05A24544571D8FEA161A7B0 /* Frameworks */ = {
			isa = PBXFrameworksBuildPhase;
			buildActionMask = 2147483647;
			files = (
			);
			runOnlyForDeploymentPostprocessing = 0;
		};
/* End PBXFrameworksBuildPhase section */

/* Begin PBXGroup section */
		C05A21D9FF8F4F79E3A272E0 = {
			isa = PBXGroup;
			children = (
				C05A2FDC8506C8DA877383D0 /* Products */,
				C05A27027CDB96AB1B570CBC /* SBTTextInflater */,
			);
			sourceTree = "<group>";
		};
		C05A27027CDB96AB1B570CBC /* SBTTextInflater */ = {
			isa = PBXGroup;
			children = (
				C05A225F702E2ED2200E2B16 /* Info.plist */,
				C05A2978BC84255CF7E366CF /* SBTTextInflaterPlugin.m */,
				C05A2129C161E5E7BB211839 /* SBTTextInflaterPlugin.h */,
				C05A2E9E62051A4FFD877C6B /* SBTPluginInterface.h */,
				C05A2447D59DC15CC05CDF72 /* Snippet.m */,
				C05A287E7BA997EA749D1F89 /* Snippet.h */,
				C05A218FCC0B6C7AEDBA8A2E /* Trie.m */,
				C05A2B145A566511CA4A1318 /* Trie.h */,
			);
			path = SBTTextInflater;
			sourceTree = "<group>";
		};
		C05A2FDC8506C8DA877383D0 /* Products */ = {
			isa = PBXGroup;
			children = (
				C05A2E7BA539CF21307D7017 /* SBTTextInflater.___VARIABLE_bundleExtension___ */,
			);
			name = Products;
			sourceTree = "<group>";
		};
/* End PBXGroup section */

/* Begin PBXNativeTarget section */
		C05A225CD6FB27C001824B0C /* SBTTextInflater */ = {
			isa = PBXNativeTarget;
			buildConfigurationList = C05A201A4AAE0A335740C7CA /* Build configuration list for PBXNativeTarget "SBTTextInflater" */;
			buildPhases = (
				C05A28A2E8ACD28DD34C07CC /* Sources */,
				C05A24544571D8FEA161A7B0 /* Frameworks */,
				C05A2F257955A8280F641AC4 /* Resources */,
			);
			buildRules = (
			);
			dependencies = (
			);
			name = SBTTextInflater;
			productName = SBTTextInflater;
			productReference = C05A2E7BA539CF21307D7017 /* SBTTextInflater.___VARIABLE_bundleExtension___ */;
			productType = "com.apple.product-type.bundle";
		};
/* End PBXNativeTarget section */

/* Begin PBXProject section */
		C05A2FCCD782CEEDDFEF8128 /* Project object */ = {
			isa = PBXProject;
			attributes = {
				ORGANIZATIONNAME = "Massimiliano Pesce";
			};
			buildConfigurationList = C05A2C1372C1ED56C05AABC4 /* Build configuration list for PBXProject "SBTTextInflater" */;
			compatibilityVersion = "Xcode 3.2";
			developmentRegion = English;
			hasScannedForEncodings = 0;
			knownRegions = (
				en,
			);
			mainGroup = C05A21D9FF8F4F79E3A272E0;
			productRefGroup = C05A2FDC8506C8DA877383D0 /* Products */;
			projectDirPath = "";
			projectRoot = "";
			targets = (
				C05A225CD6FB27C001824B0C /* SBTTextInflater */,
			);
		};
/* End PBXProject section */

/* Begin PBXResourcesBuildPhase section */
		C05A2F257955A8280F641AC4 /* Resources */ = {
			isa = PBXResourcesBuildPhase;
			buildActionMask = 2147483647;
			files = (
				C05A257A927B379336337D1E /* Info.plist in Resources */,
			);
			runOnlyForDeploymentPostprocessing = 0;
		};
/* End PBXResourcesBuildPhase section */

/* Begin PBXSourcesBuildPhase section */
		C05A28A2E8ACD28DD34C07CC /* Sources */ = {
			isa = PBXSourcesBuildPhase;
			buildActionMask = 2147483647;
			files = (
				C05A2F5F70CBE1C732CC0486 /* SBTTextInflaterPlugin.m in Sources */,
				C05A29C5F5D7543FF1190E20 /* Snippet.m in Sources */,
				C05A294626B035AFCFE3B325 /* Trie.m in Sources */,
			);
			runOnlyForDeploymentPostprocessing = 0;
		};
/* End PBXSourcesBuildPhase section */

/* Begin XCBuildConfiguration section */
		C05A219F781F28DE50CB630D /* Release */ = {
			isa = XCBuildConfiguration;
			buildSettings = {
				COMBINE_HIDPI_IMAGES = YES;
				INFOPLIST_FILE = SBTTextInflater/Info.plist;
				INSTALL_PATH = "$(LOCAL_LIBRARY_DIR)/Bundles";
				PRODUCT_BUNDLE_IDENTIFIER = com.maxfish.SBTTextInflater;
				PRODUCT_NAME = "$(TARGET_NAME)";
				SKIP_INSTALL = YES;
				WRAPPER_EXTENSION = plugin;
			};
			name = Release;
		};
		C05A29D88A73A48E73401DEF /* Release */ = {
			isa = XCBuildConfiguration;
			buildSettings = {
				ALWAYS_SEARCH_USER_PATHS = NO;
				CLANG_ANALYZER_NONNULL = YES;
				CLANG_CXX_LANGUAGE_STANDARD = "gnu++0x";
				CLANG_CXX_LIBRARY = "libc++";
				CLANG_ENABLE_MODULES = YES;
				CLANG_ENABLE_OBJC_ARC = YES;
				CLANG_WARN_BOOL_CONVERSION = YES;
				CLANG_WARN_CONSTANT_CONVERSION = YES;
				CLANG_WARN_DIRECT_OBJC_ISA_USAGE = YES_ERROR;
				CLANG_WARN_DOCUMENTATION_COMMENTS = YES;
				CLANG_WARN_EMPTY_BODY = YES;
				CLANG_WARN_ENUM_CONVERSION = YES;
				CLANG_WARN_INFINITE_RECURSION = YES;
				CLANG_WARN_INT_CONVERSION = YES;
				CLANG_WARN_OBJC_ROOT_CLASS = YES_ERROR;
				CLANG_WARN_SUSPICIOUS_MOVE = YES;
				CLANG_WARN_UNREACHABLE_CODE = YES;
				CLANG_WARN__DUPLICATE_METHOD_MATCH = YES;
				CODE_SIGN_IDENTITY = "-";
				COPY_PHASE_STRIP = NO;
				DEBUG_INFORMATION_FORMAT = "dwarf-with-dsym";
				ENABLE_NS_ASSERTIONS = NO;
				ENABLE_STRICT_OBJC_MSGSEND = YES;
				GCC_C_LANGUAGE_STANDARD = gnu99;
				GCC_NO_COMMON_BLOCKS = YES;
				GCC_WARN_64_TO_32_BIT_CONVERSION = YES;
				GCC_WARN_ABOUT_RETURN_TYPE = YES_ERROR;
				GCC_WARN_UNDECLARED_SELECTOR = YES;
				GCC_WARN_UNINITIALIZED_AUTOS = YES_AGGRESSIVE;
				GCC_WARN_UNUSED_FUNCTION = YES;
				GCC_WARN_UNUSED_VARIABLE = YES;
				MACOSX_DEPLOYMENT_TARGET = 10.12;
				MTL_ENABLE_DEBUG_INFO = NO;
				SDKROOT = macosx;
			};
			name = Release;
		};
		C05A2E3720F8D8F52215B2DD /* Debug */ = {
			isa = XCBuildConfiguration;
			buildSettings = {
				COMBINE_HIDPI_IMAGES = YES;
				INFOPLIST_FILE = SBTTextInflater/Info.plist;
				INSTALL_PATH = "$(LOCAL_LIBRARY_DIR)/Bundles";
				PRODUCT_BUNDLE_IDENTIFIER = com.maxfish.SBTTextInflater;
				PRODUCT_NAME = "$(TARGET_NAME)";
				SKIP_INSTALL = YES;
				WRAPPER_EXTENSION = plugin;
			};
			name = Debug;
		};
		C05A2F1738D02463751D87C1 /* Debug */ = {
			isa = XCBuildConfiguration;
			buildSettings = {
				ALWAYS_SEARCH_USER_PATHS = NO;
				CLANG_ANALYZER_NONNULL = YES;
				CLANG_CXX_LANGUAGE_STANDARD = "gnu++0x";
				CLANG_CXX_LIBRARY = "libc++";
				CLANG_ENABLE_MODULES = YES;
				CLANG_ENABLE_OBJC_ARC = YES;
				CLANG_WARN_BOOL_CONVERSION = YES;
				CLANG_WARN_CONSTANT_CONVERSION = YES;
				CLANG_WARN_DIRECT_OBJC_ISA_USAGE = YES_ERROR;
				CLANG_WARN_DOCUMENTATION_COMMENTS = YES;
				CLANG_WARN_EMPTY_BODY = YES;
				CLANG_WARN_ENUM_CONVERSION = YES;
				CLANG_WARN_INFINITE_RECURSION = YES;
				CLANG_WARN_INT_CONVERSION = YES;
				CLANG_WARN_OBJC_ROOT_CLASS = YES_ERROR;
				CLANG_WARN_SUSPICIOUS_MOVE = YES;
				CLANG_WARN_UNREACHABLE_CODE = YES;
				CLANG_WARN__DUPLICATE_METHOD_MATCH = YES;
				CODE_SIGN_IDENTITY = "-";
				COPY_PHASE_STRIP = NO;
				DEBUG_INFORMATION_FORMAT = dwarf;
				ENABLE_STRICT_OBJC_MSGSEND = YES;
				ENABLE_TESTABILITY = YES;
				GCC_C_LANGUAGE_STANDARD = gnu99;
				GCC_DYNAMIC_NO_PIC = NO;
				GCC_NO_COMMON_BLOCKS = YES;
				GCC_OPTIMIZATION_LEVEL = 0;
				GCC_PREPROCESSOR_DEFINITIONS = (
					"DEBUG=1",
					"$(inherited)",
				);
				GCC_WARN_64_TO_32_BIT_CONVERSION = YES;
				GCC_WARN_ABOUT_RETURN_TYPE = YES_ERROR;
				GCC_WARN_UNDECLARED_SELECTOR = YES;
				GCC_WARN_UNINITIALIZED_AUTOS = YES_AGGRESSIVE;
				GCC_WARN_UNUSED_FUNCTION = YES;
				GCC_WARN_UNUSED_VARIABLE = YES;
				MACOSX_DEPLOYMENT_TARGET = 10.12;
				MTL_ENABLE_DEBUG_INFO = YES;
				ONLY_ACTIVE_ARCH = YES;
				SDKROOT = macosx;
			};
			name = Debug;
		};
/* End XCBuildConfiguration section */

/* Begin XCConfigurationList section */
		C05A201A4AAE0A335740C7CA /* Build configuration list for PBXNativeTarget "SBTTextInflater" */ = {
			isa = XCConfigurationList;
			buildConfigurations = (
				C05A2E3720F8D8F52215B2DD /* Debug */,
				C05A219F781F28DE50CB630D /* Release */,
			);
			defaultConfigurationIsVisible = 0;
		};
		C05A2C1372C1ED56C05AABC4 /* Build configuration list for PBXProject "SBTTextInflater" */ = {
			isa = XCConfigurationList;
			buildConfigurations = (
				C05A2F1738D02463751D87C1 /* Debug */,
				C05A29D88A73A48E73401DEF /* Release */,
			);
			defaultConfigurationIsVisible = 0;
			defaultConfigurationName = Release;
		};
/* End XCConfigurationList section */
	};
	rootObject = C05A2FCCD782CEEDDFEF8128 /* Project object */;
}
