// !$*UTF8*$!
{
	archiveVersion = 1;
	classes = {
	};
	objectVersion = 46;
	objects = {

/* Begin PBXBuildFile section */
		1A5640B500085A1CCB6D2987 /* MagnifierTool.m in Sources */ = {isa = PBXBuildFile; fileRef = 1A564D442F6FFAB3EC13D518 /* MagnifierTool.m */; };
		1A5643606598A0C2450BDEC7 /* MagnifierWindow.xib in Resources */ = {isa = PBXBuildFile; fileRef = 1A5645B6DAA527CA8DE33727 /* MagnifierWindow.xib */; };
		50A01F9A1EA21E0300ED471F /* MWDeveloperPlugin.m in Sources */ = {isa = PBXBuildFile; fileRef = 50A01F991EA21E0300ED471F /* MWDeveloperPlugin.m */; };
		50D8908D1EA221E000AA4738 /* MagnifierTool.xib in Resources */ = {isa = PBXBuildFile; fileRef = 50D8908C1EA221E000AA4738 /* MagnifierTool.xib */; };
		50D890901EA2237700AA4738 /* MagnifierView.m in Sources */ = {isa = PBXBuildFile; fileRef = 50D8908F1EA2237700AA4738 /* MagnifierView.m */; };
/* End PBXBuildFile section */

/* Begin PBXFileReference section */
		1A5645B6DAA527CA8DE33727 /* MagnifierWindow.xib */ = {isa = PBXFileReference; lastKnownFileType = file.xib; path = MagnifierWindow.xib; sourceTree = "<group>"; };
		1A564D3728D7125BBDDA6CD0 /* MagnifierTool.h */ = {isa = PBXFileReference; fileEncoding = 4; lastKnownFileType = sourcecode.c.h; path = MagnifierTool.h; sourceTree = "<group>"; };
		1A564D442F6FFAB3EC13D518 /* MagnifierTool.m */ = {isa = PBXFileReference; fileEncoding = 4; lastKnownFileType = sourcecode.c.objc; path = MagnifierTool.m; sourceTree = "<group>"; };
		50A01F8E1EA21DB500ED471F /* MWDeveloperPlugin.plugin */ = {isa = PBXFileReference; explicitFileType = wrapper.cfbundle; includeInIndex = 0; path = MWDeveloperPlugin.plugin; sourceTree = BUILT_PRODUCTS_DIR; };
		50A01F911EA21DB500ED471F /* Info.plist */ = {isa = PBXFileReference; lastKnownFileType = text.plist.xml; path = Info.plist; sourceTree = "<group>"; };
		50A01F971EA21E0300ED471F /* MWPluginInterface.h */ = {isa = PBXFileReference; fileEncoding = 4; lastKnownFileType = sourcecode.c.h; path = MWPluginInterface.h; sourceTree = "<group>"; };
		50A01F981EA21E0300ED471F /* MWDeveloperPlugin.h */ = {isa = PBXFileReference; fileEncoding = 4; lastKnownFileType = sourcecode.c.h; path = MWDeveloperPlugin.h; sourceTree = "<group>"; };
		50A01F991EA21E0300ED471F /* MWDeveloperPlugin.m */ = {isa = PBXFileReference; fileEncoding = 4; lastKnownFileType = sourcecode.c.objc; path = MWDeveloperPlugin.m; sourceTree = "<group>"; };
		50D8908C1EA221E000AA4738 /* MagnifierTool.xib */ = {isa = PBXFileReference; fileEncoding = 4; lastKnownFileType = file.xib; path = MagnifierTool.xib; sourceTree = "<group>"; };
		50D8908E1EA2237700AA4738 /* MagnifierView.h */ = {isa = PBXFileReference; fileEncoding = 4; lastKnownFileType = sourcecode.c.h; path = MagnifierView.h; sourceTree = "<group>"; };
		50D8908F1EA2237700AA4738 /* MagnifierView.m */ = {isa = PBXFileReference; fileEncoding = 4; lastKnownFileType = sourcecode.c.objc; path = MagnifierView.m; sourceTree = "<group>"; };
/* End PBXFileReference section */

/* Begin PBXFrameworksBuildPhase section */
		50A01F8B1EA21DB500ED471F /* Frameworks */ = {
			isa = PBXFrameworksBuildPhase;
			buildActionMask = 2147483647;
			files = (
			);
			runOnlyForDeploymentPostprocessing = 0;
		};
/* End PBXFrameworksBuildPhase section */

/* Begin PBXGroup section */
		50A01F851EA21DB500ED471F = {
			isa = PBXGroup;
			children = (
				50A01F901EA21DB500ED471F /* MWDeveloperPlugin */,
				50A01F8F1EA21DB500ED471F /* Products */,
			);
			sourceTree = "<group>";
		};
		50A01F8F1EA21DB500ED471F /* Products */ = {
			isa = PBXGroup;
			children = (
				50A01F8E1EA21DB500ED471F /* MWDeveloperPlugin.plugin */,
			);
			name = Products;
			sourceTree = "<group>";
		};
		50A01F901EA21DB500ED471F /* MWDeveloperPlugin */ = {
			isa = PBXGroup;
			children = (
				50A01F971EA21E0300ED471F /* MWPluginInterface.h */,
				50A01F981EA21E0300ED471F /* MWDeveloperPlugin.h */,
				50A01F991EA21E0300ED471F /* MWDeveloperPlugin.m */,
				50A01F911EA21DB500ED471F /* Info.plist */,
				1A564D442F6FFAB3EC13D518 /* MagnifierTool.m */,
				1A564D3728D7125BBDDA6CD0 /* MagnifierTool.h */,
				50D8908C1EA221E000AA4738 /* MagnifierTool.xib */,
				50D8908E1EA2237700AA4738 /* MagnifierView.h */,
				50D8908F1EA2237700AA4738 /* MagnifierView.m */,
				1A5645B6DAA527CA8DE33727 /* MagnifierWindow.xib */,
			);
			path = MWDeveloperPlugin;
			sourceTree = "<group>";
		};
/* End PBXGroup section */

/* Begin PBXNativeTarget section */
		50A01F8D1EA21DB500ED471F /* MWDeveloperPlugin */ = {
			isa = PBXNativeTarget;
			buildConfigurationList = 50A01F941EA21DB500ED471F /* Build configuration list for PBXNativeTarget "MWDeveloperPlugin" */;
			buildPhases = (
				50A01F8A1EA21DB500ED471F /* Sources */,
				50A01F8B1EA21DB500ED471F /* Frameworks */,
				50A01F8C1EA21DB500ED471F /* Resources */,
			);
			buildRules = (
			);
			dependencies = (
			);
			name = MWDeveloperPlugin;
			productName = MWDeveloperPlugin;
			productReference = 50A01F8E1EA21DB500ED471F /* MWDeveloperPlugin.plugin */;
			productType = "com.apple.product-type.bundle";
		};
/* End PBXNativeTarget section */

/* Begin PBXProject section */
		50A01F861EA21DB500ED471F /* Project object */ = {
			isa = PBXProject;
			attributes = {
				LastUpgradeCheck = 0820;
				ORGANIZATIONNAME = "Massimiliano Pesce";
				TargetAttributes = {
					50A01F8D1EA21DB500ED471F = {
						CreatedOnToolsVersion = 8.2.1;
						ProvisioningStyle = Automatic;
					};
				};
			};
			buildConfigurationList = 50A01F891EA21DB500ED471F /* Build configuration list for PBXProject "MWDeveloperPlugin" */;
			compatibilityVersion = "Xcode 3.2";
			developmentRegion = English;
			hasScannedForEncodings = 0;
			knownRegions = (
				en,
			);
			mainGroup = 50A01F851EA21DB500ED471F;
			productRefGroup = 50A01F8F1EA21DB500ED471F /* Products */;
			projectDirPath = "";
			projectRoot = "";
			targets = (
				50A01F8D1EA21DB500ED471F /* MWDeveloperPlugin */,
			);
		};
/* End PBXProject section */

/* Begin PBXResourcesBuildPhase section */
		50A01F8C1EA21DB500ED471F /* Resources */ = {
			isa = PBXResourcesBuildPhase;
			buildActionMask = 2147483647;
			files = (
				50D8908D1EA221E000AA4738 /* MagnifierTool.xib in Resources */,
				1A5643606598A0C2450BDEC7 /* MagnifierWindow.xib in Resources */,
			);
			runOnlyForDeploymentPostprocessing = 0;
		};
/* End PBXResourcesBuildPhase section */

/* Begin PBXSourcesBuildPhase section */
		50A01F8A1EA21DB500ED471F /* Sources */ = {
			isa = PBXSourcesBuildPhase;
			buildActionMask = 2147483647;
			files = (
				50D890901EA2237700AA4738 /* MagnifierView.m in Sources */,
				50A01F9A1EA21E0300ED471F /* MWDeveloperPlugin.m in Sources */,
				1A5640B500085A1CCB6D2987 /* MagnifierTool.m in Sources */,
			);
			runOnlyForDeploymentPostprocessing = 0;
		};
/* End PBXSourcesBuildPhase section */

/* Begin XCBuildConfiguration section */
		50A01F921EA21DB500ED471F /* Debug */ = {
			isa = XCBuildConfiguration;
			buildSettings = {
				ALWAYS_SEARCH_USER_PATHS = NO;
				CLANG_ANALYZER_NONNULL = YES;
				CLANG_CXX_LANGUAGE_STANDARD = "gnu++0x";
				CLANG_CXX_LIBRARY = "libc++";
				CLANG_ENABLE_MODULES = YES;
				CLANG_ENABLE_OBJC_ARC = YES;
				CLANG_WARN_BOOL_CONVERSION = YES;
				CLANG_WARN_CONSTANT_CONVERSION = YES;
				CLANG_WARN_DIRECT_OBJC_ISA_USAGE = YES_ERROR;
				CLANG_WARN_DOCUMENTATION_COMMENTS = YES;
				CLANG_WARN_EMPTY_BODY = YES;
				CLANG_WARN_ENUM_CONVERSION = YES;
				CLANG_WARN_INFINITE_RECURSION = YES;
				CLANG_WARN_INT_CONVERSION = YES;
				CLANG_WARN_OBJC_ROOT_CLASS = YES_ERROR;
				CLANG_WARN_SUSPICIOUS_MOVE = YES;
				CLANG_WARN_UNREACHABLE_CODE = YES;
				CLANG_WARN__DUPLICATE_METHOD_MATCH = YES;
				CODE_SIGN_IDENTITY = "-";
				COPY_PHASE_STRIP = NO;
				DEBUG_INFORMATION_FORMAT = dwarf;
				ENABLE_STRICT_OBJC_MSGSEND = YES;
				ENABLE_TESTABILITY = YES;
				GCC_C_LANGUAGE_STANDARD = gnu99;
				GCC_DYNAMIC_NO_PIC = NO;
				GCC_NO_COMMON_BLOCKS = YES;
				GCC_OPTIMIZATION_LEVEL = 0;
				GCC_PREPROCESSOR_DEFINITIONS = (
					"DEBUG=1",
					"$(inherited)",
				);
				GCC_WARN_64_TO_32_BIT_CONVERSION = YES;
				GCC_WARN_ABOUT_RETURN_TYPE = YES_ERROR;
				GCC_WARN_UNDECLARED_SELECTOR = YES;
				GCC_WARN_UNINITIALIZED_AUTOS = YES_AGGRESSIVE;
				GCC_WARN_UNUSED_FUNCTION = YES;
				GCC_WARN_UNUSED_VARIABLE = YES;
				MACOSX_DEPLOYMENT_TARGET = 10.11;
				MTL_ENABLE_DEBUG_INFO = YES;
				ONLY_ACTIVE_ARCH = YES;
				SDKROOT = macosx;
			};
			name = Debug;
		};
		50A01F931EA21DB500ED471F /* Release */ = {
			isa = XCBuildConfiguration;
			buildSettings = {
				ALWAYS_SEARCH_USER_PATHS = NO;
				CLANG_ANALYZER_NONNULL = YES;
				CLANG_CXX_LANGUAGE_STANDARD = "gnu++0x";
				CLANG_CXX_LIBRARY = "libc++";
				CLANG_ENABLE_MODULES = YES;
				CLANG_ENABLE_OBJC_ARC = YES;
				CLANG_WARN_BOOL_CONVERSION = YES;
				CLANG_WARN_CONSTANT_CONVERSION = YES;
				CLANG_WARN_DIRECT_OBJC_ISA_USAGE = YES_ERROR;
				CLANG_WARN_DOCUMENTATION_COMMENTS = YES;
				CLANG_WARN_EMPTY_BODY = YES;
				CLANG_WARN_ENUM_CONVERSION = YES;
				CLANG_WARN_INFINITE_RECURSION = YES;
				CLANG_WARN_INT_CONVERSION = YES;
				CLANG_WARN_OBJC_ROOT_CLASS = YES_ERROR;
				CLANG_WARN_SUSPICIOUS_MOVE = YES;
				CLANG_WARN_UNREACHABLE_CODE = YES;
				CLANG_WARN__DUPLICATE_METHOD_MATCH = YES;
				CODE_SIGN_IDENTITY = "-";
				COPY_PHASE_STRIP = NO;
				DEBUG_INFORMATION_FORMAT = "dwarf-with-dsym";
				ENABLE_NS_ASSERTIONS = NO;
				ENABLE_STRICT_OBJC_MSGSEND = YES;
				GCC_C_LANGUAGE_STANDARD = gnu99;
				GCC_NO_COMMON_BLOCKS = YES;
				GCC_WARN_64_TO_32_BIT_CONVERSION = YES;
				GCC_WARN_ABOUT_RETURN_TYPE = YES_ERROR;
				GCC_WARN_UNDECLARED_SELECTOR = YES;
				GCC_WARN_UNINITIALIZED_AUTOS = YES_AGGRESSIVE;
				GCC_WARN_UNUSED_FUNCTION = YES;
				GCC_WARN_UNUSED_VARIABLE = YES;
				MACOSX_DEPLOYMENT_TARGET = 10.11;
				MTL_ENABLE_DEBUG_INFO = NO;
				SDKROOT = macosx;
			};
			name = Release;
		};
		50A01F951EA21DB500ED471F /* Debug */ = {
			isa = XCBuildConfiguration;
			buildSettings = {
				COMBINE_HIDPI_IMAGES = YES;
				INFOPLIST_FILE = MWDeveloperPlugin/Info.plist;
				INSTALL_PATH = "$(LOCAL_LIBRARY_DIR)/Bundles";
				PRODUCT_BUNDLE_IDENTIFIER = com.maxfish.MWDeveloperPlugin;
				PRODUCT_NAME = "$(TARGET_NAME)";
				SKIP_INSTALL = YES;
				WRAPPER_EXTENSION = plugin;
			};
			name = Debug;
		};
		50A01F961EA21DB500ED471F /* Release */ = {
			isa = XCBuildConfiguration;
			buildSettings = {
				COMBINE_HIDPI_IMAGES = YES;
				INFOPLIST_FILE = MWDeveloperPlugin/Info.plist;
				INSTALL_PATH = "$(LOCAL_LIBRARY_DIR)/Bundles";
				PRODUCT_BUNDLE_IDENTIFIER = com.maxfish.MWDeveloperPlugin;
				PRODUCT_NAME = "$(TARGET_NAME)";
				SKIP_INSTALL = YES;
				WRAPPER_EXTENSION = plugin;
			};
			name = Release;
		};
/* End XCBuildConfiguration section */

/* Begin XCConfigurationList section */
		50A01F891EA21DB500ED471F /* Build configuration list for PBXProject "MWDeveloperPlugin" */ = {
			isa = XCConfigurationList;
			buildConfigurations = (
				50A01F921EA21DB500ED471F /* Debug */,
				50A01F931EA21DB500ED471F /* Release */,
			);
			defaultConfigurationIsVisible = 0;
			defaultConfigurationName = Release;
		};
		50A01F941EA21DB500ED471F /* Build configuration list for PBXNativeTarget "MWDeveloperPlugin" */ = {
			isa = XCConfigurationList;
			buildConfigurations = (
				50A01F951EA21DB500ED471F /* Debug */,
				50A01F961EA21DB500ED471F /* Release */,
			);
			defaultConfigurationIsVisible = 0;
			defaultConfigurationName = Release;
		};
/* End XCConfigurationList section */
	};
	rootObject = 50A01F861EA21DB500ED471F /* Project object */;
}
