// !$*UTF8*$!
{
	archiveVersion = 1;
	classes = {
	};
	objectVersion = 46;
	objects = {

/* Begin PBXBuildFile section */
		1A564A93D62217E986ED9505 /* Info.plist in Resources */ = {isa = PBXBuildFile; fileRef = 1A5643619D55F1847491215A /* Info.plist */; };
		1A564E43F5A8DFF7ED3AC7D1 /* ExamplePlugin.m in Sources */ = {isa = PBXBuildFile; fileRef = 1A564AF027C6943215C8B532 /* ExamplePlugin.m */; };
/* End PBXBuildFile section */

/* Begin PBXFileReference section */
		1A564350BAA2ED09E7F8416E /* ExamplePlugin.___VARIABLE_bundleExtension___ */ = {isa = PBXFileReference; explicitFileType = wrapper.cfbundle; includeInIndex = 0; path = "ExamplePlugin.___VARIABLE_bundleExtension___"; sourceTree = BUILT_PRODUCTS_DIR; };
		1A5643619D55F1847491215A /* Info.plist */ = {isa = PBXFileReference; lastKnownFileType = text.plist.info; path = Info.plist; sourceTree = "<group>"; };
		1A56497527A50A1094F8BBF7 /* ExamplePlugin.h */ = {isa = PBXFileReference; fileEncoding = 4; lastKnownFileType = sourcecode.c.h; path = ExamplePlugin.h; sourceTree = "<group>"; };
		1A564AD95145C89D6AF28A67 /* SBTPluginInterface.h */ = {isa = PBXFileReference; fileEncoding = 4; lastKnownFileType = sourcecode.c.h; path = SBTPluginInterface.h; sourceTree = "<group>"; };
		1A564AF027C6943215C8B532 /* ExamplePlugin.m */ = {isa = PBXFileReference; fileEncoding = 4; lastKnownFileType = sourcecode.c.objc; path = ExamplePlugin.m; sourceTree = "<group>"; };
/* End PBXFileReference section */

/* Begin PBXFrameworksBuildPhase section */
		1A56406263AA6E30A976695C /* Frameworks */ = {
			isa = PBXFrameworksBuildPhase;
			buildActionMask = 2147483647;
			files = (
			);
			runOnlyForDeploymentPostprocessing = 0;
		};
/* End PBXFrameworksBuildPhase section */

/* Begin PBXGroup section */
		1A5641408FE16B9D4D7A7951 = {
			isa = PBXGroup;
			children = (
				1A564BBD538B5F5ACD5E4777 /* Products */,
				1A564C32CDB6B4A124282972 /* ExamplePlugin */,
			);
			sourceTree = "<group>";
		};
		1A564BBD538B5F5ACD5E4777 /* Products */ = {
			isa = PBXGroup;
			children = (
				1A564350BAA2ED09E7F8416E /* ExamplePlugin.___VARIABLE_bundleExtension___ */,
			);
			name = Products;
			sourceTree = "<group>";
		};
		1A564C32CDB6B4A124282972 /* ExamplePlugin */ = {
			isa = PBXGroup;
			children = (
				1A5643619D55F1847491215A /* Info.plist */,
				1A564AF027C6943215C8B532 /* ExamplePlugin.m */,
				1A56497527A50A1094F8BBF7 /* ExamplePlugin.h */,
				1A564AD95145C89D6AF28A67 /* SBTPluginInterface.h */,
			);
			path = ExamplePlugin;
			sourceTree = "<group>";
		};
/* End PBXGroup section */

/* Begin PBXNativeTarget section */
		1A564D5C4740A935AE858505 /* ExamplePlugin */ = {
			isa = PBXNativeTarget;
			buildConfigurationList = 1A564A9E246207214EE05D6D /* Build configuration list for PBXNativeTarget "ExamplePlugin" */;
			buildPhases = (
				1A564C3F76A0F9839F75D686 /* Sources */,
				1A56406263AA6E30A976695C /* Frameworks */,
				1A564B7438452C91EF90FA21 /* Resources */,
			);
			buildRules = (
			);
			dependencies = (
			);
			name = ExamplePlugin;
			productName = ExamplePlugin;
			productReference = 1A564350BAA2ED09E7F8416E /* ExamplePlugin.___VARIABLE_bundleExtension___ */;
			productType = "com.apple.product-type.bundle";
		};
/* End PBXNativeTarget section */

/* Begin PBXProject section */
		1A564C10F532601E30BBD635 /* Project object */ = {
			isa = PBXProject;
			attributes = {
				ORGANIZATIONNAME = "Massimiliano Pesce";
			};
			buildConfigurationList = 1A56457B60671D10F390FB9B /* Build configuration list for PBXProject "ExamplePlugin" */;
			compatibilityVersion = "Xcode 3.2";
			developmentRegion = English;
			hasScannedForEncodings = 0;
			knownRegions = (
				en,
			);
			mainGroup = 1A5641408FE16B9D4D7A7951;
			productRefGroup = 1A564BBD538B5F5ACD5E4777 /* Products */;
			projectDirPath = "";
			projectRoot = "";
			targets = (
				1A564D5C4740A935AE858505 /* ExamplePlugin */,
			);
		};
/* End PBXProject section */

/* Begin PBXResourcesBuildPhase section */
		1A564B7438452C91EF90FA21 /* Resources */ = {
			isa = PBXResourcesBuildPhase;
			buildActionMask = 2147483647;
			files = (
				1A564A93D62217E986ED9505 /* Info.plist in Resources */,
			);
			runOnlyForDeploymentPostprocessing = 0;
		};
/* End PBXResourcesBuildPhase section */

/* Begin PBXSourcesBuildPhase section */
		1A564C3F76A0F9839F75D686 /* Sources */ = {
			isa = PBXSourcesBuildPhase;
			buildActionMask = 2147483647;
			files = (
				1A564E43F5A8DFF7ED3AC7D1 /* ExamplePlugin.m in Sources */,
			);
			runOnlyForDeploymentPostprocessing = 0;
		};
/* End PBXSourcesBuildPhase section */

/* Begin XCBuildConfiguration section */
		1A5640A4CA4BCA116B393BF7 /* Release */ = {
			isa = XCBuildConfiguration;
			buildSettings = {
				ALWAYS_SEARCH_USER_PATHS = NO;
				CLANG_ANALYZER_NONNULL = YES;
				CLANG_CXX_LANGUAGE_STANDARD = "gnu++0x";
				CLANG_CXX_LIBRARY = "libc++";
				CLANG_ENABLE_MODULES = YES;
				CLANG_ENABLE_OBJC_ARC = YES;
				CLANG_WARN_BOOL_CONVERSION = YES;
				CLANG_WARN_CONSTANT_CONVERSION = YES;
				CLANG_WARN_DIRECT_OBJC_ISA_USAGE = YES_ERROR;
				CLANG_WARN_DOCUMENTATION_COMMENTS = YES;
				CLANG_WARN_EMPTY_BODY = YES;
				CLANG_WARN_ENUM_CONVERSION = YES;
				CLANG_WARN_INFINITE_RECURSION = YES;
				CLANG_WARN_INT_CONVERSION = YES;
				CLANG_WARN_OBJC_ROOT_CLASS = YES_ERROR;
				CLANG_WARN_SUSPICIOUS_MOVE = YES;
				CLANG_WARN_UNREACHABLE_CODE = YES;
				CLANG_WARN__DUPLICATE_METHOD_MATCH = YES;
				CODE_SIGN_IDENTITY = "-";
				COPY_PHASE_STRIP = NO;
				DEBUG_INFORMATION_FORMAT = "dwarf-with-dsym";
				ENABLE_NS_ASSERTIONS = NO;
				ENABLE_STRICT_OBJC_MSGSEND = YES;
				GCC_C_LANGUAGE_STANDARD = gnu99;
				GCC_NO_COMMON_BLOCKS = YES;
				GCC_WARN_64_TO_32_BIT_CONVERSION = YES;
				GCC_WARN_ABOUT_RETURN_TYPE = YES_ERROR;
				GCC_WARN_UNDECLARED_SELECTOR = YES;
				GCC_WARN_UNINITIALIZED_AUTOS = YES_AGGRESSIVE;
				GCC_WARN_UNUSED_FUNCTION = YES;
				GCC_WARN_UNUSED_VARIABLE = YES;
				MACOSX_DEPLOYMENT_TARGET = 10.11;
				MTL_ENABLE_DEBUG_INFO = NO;
				SDKROOT = macosx;
			};
			name = Release;
		};
		1A5641D187B621FD9CFF9874 /* Debug */ = {
			isa = XCBuildConfiguration;
			buildSettings = {
				COMBINE_HIDPI_IMAGES = YES;
				INFOPLIST_FILE = ExamplePlugin/Info.plist;
				INSTALL_PATH = "$(LOCAL_LIBRARY_DIR)/Bundles";
				PRODUCT_BUNDLE_IDENTIFIER = maxfish.ExamplePlugin;
				PRODUCT_NAME = "$(TARGET_NAME)";
				SKIP_INSTALL = YES;
				WRAPPER_EXTENSION = plugin;
			};
			name = Debug;
		};
		1A56475E546CD981F6BFDEC4 /* Release */ = {
			isa = XCBuildConfiguration;
			buildSettings = {
				COMBINE_HIDPI_IMAGES = YES;
				INFOPLIST_FILE = ExamplePlugin/Info.plist;
				INSTALL_PATH = "$(LOCAL_LIBRARY_DIR)/Bundles";
				PRODUCT_BUNDLE_IDENTIFIER = maxfish.ExamplePlugin;
				PRODUCT_NAME = "$(TARGET_NAME)";
				SKIP_INSTALL = YES;
				WRAPPER_EXTENSION = plugin;
			};
			name = Release;
		};
		1A564F0AA708692CE32AD912 /* Debug */ = {
			isa = XCBuildConfiguration;
			buildSettings = {
				ALWAYS_SEARCH_USER_PATHS = NO;
				CLANG_ANALYZER_NONNULL = YES;
				CLANG_CXX_LANGUAGE_STANDARD = "gnu++0x";
				CLANG_CXX_LIBRARY = "libc++";
				CLANG_ENABLE_MODULES = YES;
				CLANG_ENABLE_OBJC_ARC = YES;
				CLANG_WARN_BOOL_CONVERSION = YES;
				CLANG_WARN_CONSTANT_CONVERSION = YES;
				CLANG_WARN_DIRECT_OBJC_ISA_USAGE = YES_ERROR;
				CLANG_WARN_DOCUMENTATION_COMMENTS = YES;
				CLANG_WARN_EMPTY_BODY = YES;
				CLANG_WARN_ENUM_CONVERSION = YES;
				CLANG_WARN_INFINITE_RECURSION = YES;
				CLANG_WARN_INT_CONVERSION = YES;
				CLANG_WARN_OBJC_ROOT_CLASS = YES_ERROR;
				CLANG_WARN_SUSPICIOUS_MOVE = YES;
				CLANG_WARN_UNREACHABLE_CODE = YES;
				CLANG_WARN__DUPLICATE_METHOD_MATCH = YES;
				CODE_SIGN_IDENTITY = "-";
				COPY_PHASE_STRIP = NO;
				DEBUG_INFORMATION_FORMAT = dwarf;
				ENABLE_STRICT_OBJC_MSGSEND = YES;
				ENABLE_TESTABILITY = YES;
				GCC_C_LANGUAGE_STANDARD = gnu99;
				GCC_DYNAMIC_NO_PIC = NO;
				GCC_NO_COMMON_BLOCKS = YES;
				GCC_OPTIMIZATION_LEVEL = 0;
				GCC_PREPROCESSOR_DEFINITIONS = (
					"DEBUG=1",
					"$(inherited)",
				);
				GCC_WARN_64_TO_32_BIT_CONVERSION = YES;
				GCC_WARN_ABOUT_RETURN_TYPE = YES_ERROR;
				GCC_WARN_UNDECLARED_SELECTOR = YES;
				GCC_WARN_UNINITIALIZED_AUTOS = YES_AGGRESSIVE;
				GCC_WARN_UNUSED_FUNCTION = YES;
				GCC_WARN_UNUSED_VARIABLE = YES;
				MACOSX_DEPLOYMENT_TARGET = 10.11;
				MTL_ENABLE_DEBUG_INFO = YES;
				ONLY_ACTIVE_ARCH = YES;
				SDKROOT = macosx;
			};
			name = Debug;
		};
/* End XCBuildConfiguration section */

/* Begin XCConfigurationList section */
		1A56457B60671D10F390FB9B /* Build configuration list for PBXProject "ExamplePlugin" */ = {
			isa = XCConfigurationList;
			buildConfigurations = (
				1A564F0AA708692CE32AD912 /* Debug */,
				1A5640A4CA4BCA116B393BF7 /* Release */,
			);
			defaultConfigurationIsVisible = 0;
			defaultConfigurationName = Release;
		};
		1A564A9E246207214EE05D6D /* Build configuration list for PBXNativeTarget "ExamplePlugin" */ = {
			isa = XCConfigurationList;
			buildConfigurations = (
				1A5641D187B621FD9CFF9874 /* Debug */,
				1A56475E546CD981F6BFDEC4 /* Release */,
			);
			defaultConfigurationIsVisible = 0;
		};
/* End XCConfigurationList section */
	};
	rootObject = 1A564C10F532601E30BBD635 /* Project object */;
}
